
Microsoft Visual Studio Solution File, Format Version 12.00
# Visual Studio Version 17
VisualStudioVersion = 17.5.002.0
MinimumVisualStudioVersion = 10.0.40219.1
Project("{9A19103F-16F7-4668-BE54-9A1E7A4F7556}") = "backend", "backend\backend.csproj", "{2BD49DF7-AB0B-4075-B3AA-E0CA983A78DF}"
EndProject
Project("{9A19103F-16F7-4668-BE54-9A1E7A4F7556}") = "frontend", "frontend\frontend.csproj", "{8EBF2C55-DAC1-4DEB-872B-B01E0A850A24}"
EndProject
Global
	GlobalSection(SolutionConfigurationPlatforms) = preSolution
		Debug|Any CPU = Debug|Any CPU
		Release|Any CPU = Release|Any CPU
	EndGlobalSection
	GlobalSection(ProjectConfigurationPlatforms) = postSolution
		{2BD49DF7-AB0B-4075-B3AA-E0CA983A78DF}.Debug|Any CPU.ActiveCfg = Debug|Any CPU
		{2BD49DF7-AB0B-4075-B3AA-E0CA983A78DF}.Debug|Any CPU.Build.0 = Debug|Any CPU
		{2BD49DF7-AB0B-4075-B3AA-E0CA983A78DF}.Release|Any CPU.ActiveCfg = Release|Any CPU
		{2BD49DF7-AB0B-4075-B3AA-E0CA983A78DF}.Release|Any CPU.Build.0 = Release|Any CPU
		{8EBF2C55-DAC1-4DEB-872B-B01E0A850A24}.Debug|Any CPU.ActiveCfg = Debug|Any CPU
		{8EBF2C55-DAC1-4DEB-872B-B01E0A850A24}.Debug|Any CPU.Build.0 = Debug|Any CPU
		{8EBF2C55-DAC1-4DEB-872B-B01E0A850A24}.Release|Any CPU.ActiveCfg = Release|Any CPU
		{8EBF2C55-DAC1-4DEB-872B-B01E0A850A24}.Release|Any CPU.Build.0 = Release|Any CPU
	EndGlobalSection
	GlobalSection(SolutionProperties) = preSolution
		HideSolutionNode = FALSE
	EndGlobalSection
	GlobalSection(ExtensibilityGlobals) = postSolution
		SolutionGuid = {DEB02FC7-4409-4712-A424-EEBA358D75D4}
	EndGlobalSection
EndGlobal
